
Microsoft Visual Studio Solution File, Format Version 12.00
# Visual Studio 15
VisualStudioVersion = 15.0.28307.539
MinimumVisualStudioVersion = 10.0.40219.1
Project("{FAE04EC0-301F-11D3-BF4B-00C04F79EFBC}") = "App.Pichanguea", "App.Pichangea\App.Pichanguea.csproj", "{9024E7CD-F49A-40FD-892E-62C34386A764}"
EndProject
Global
	GlobalSection(SolutionConfigurationPlatforms) = preSolution
		Debug|Any CPU = Debug|Any CPU
		Release|Any CPU = Release|Any CPU
	EndGlobalSection
	GlobalSection(ProjectConfigurationPlatforms) = postSolution
		{9024E7CD-F49A-40FD-892E-62C34386A764}.Debug|Any CPU.ActiveCfg = Debug|Any CPU
		{9024E7CD-F49A-40FD-892E-62C34386A764}.Debug|Any CPU.Build.0 = Debug|Any CPU
		{9024E7CD-F49A-40FD-892E-62C34386A764}.Release|Any CPU.ActiveCfg = Release|Any CPU
		{9024E7CD-F49A-40FD-892E-62C34386A764}.Release|Any CPU.Build.0 = Release|Any CPU
	EndGlobalSection
	GlobalSection(SolutionProperties) = preSolution
		HideSolutionNode = FALSE
	EndGlobalSection
	GlobalSection(ExtensibilityGlobals) = postSolution
		SolutionGuid = {5D85E00C-C583-484E-92AE-54D8258EFAFD}
	EndGlobalSection
EndGlobal
